
Microsoft Visual Studio Solution File, Format Version 12.00
# Visual Studio Version 17
VisualStudioVersion = 17.0.31512.422
MinimumVisualStudioVersion = 10.0.40219.1
Project("{FAE04EC0-301F-11D3-BF4B-00C04F79EFBC}") = "Tree", "Tree\Tree.csproj", "{CAE63EAC-21FF-4536-A8DB-8B7089E56AE2}"
EndProject
Global
	GlobalSection(SolutionConfigurationPlatforms) = preSolution
		Debug|Any CPU = Debug|Any CPU
		Release|Any CPU = Release|Any CPU
	EndGlobalSection
	GlobalSection(ProjectConfigurationPlatforms) = postSolution
		{CAE63EAC-21FF-4536-A8DB-8B7089E56AE2}.Debug|Any CPU.ActiveCfg = Debug|Any CPU
		{CAE63EAC-21FF-4536-A8DB-8B7089E56AE2}.Debug|Any CPU.Build.0 = Debug|Any CPU
		{CAE63EAC-21FF-4536-A8DB-8B7089E56AE2}.Release|Any CPU.ActiveCfg = Release|Any CPU
		{CAE63EAC-21FF-4536-A8DB-8B7089E56AE2}.Release|Any CPU.Build.0 = Release|Any CPU
	EndGlobalSection
	GlobalSection(SolutionProperties) = preSolution
		HideSolutionNode = FALSE
	EndGlobalSection
	GlobalSection(ExtensibilityGlobals) = postSolution
		SolutionGuid = {248E5588-F6BC-47E3-B6C1-CAC8B836E1E8}
	EndGlobalSection
EndGlobal
