
Microsoft Visual Studio Solution File, Format Version 12.00
# Visual Studio Version 16
VisualStudioVersion = 16.0.31229.75
MinimumVisualStudioVersion = 10.0.40219.1
Project("{9A19103F-16F7-4668-BE54-9A1E7A4F7556}") = "Max3", "Examples\ArrayMaxDynamic\Max3\Max3.csproj", "{F59107CD-B1D4-4591-BF8A-5B5CE21199FD}"
EndProject
Project("{2150E333-8FDC-42A3-9474-1A3956D46DE8}") = "Examples", "Examples", "{14B7B51A-29F5-45F9-A7C3-5E46E850149D}"
EndProject
Project("{2150E333-8FDC-42A3-9474-1A3956D46DE8}") = "ArrayMaxDynamic", "ArrayMaxDynamic", "{ABD91994-553B-40FD-9071-6FED84DAF82F}"
EndProject
Project("{2150E333-8FDC-42A3-9474-1A3956D46DE8}") = "ArrayMaxSorting", "ArrayMaxSorting", "{91394A89-6002-4D4F-9A2F-A6CCCAA8544B}"
EndProject
Project("{2150E333-8FDC-42A3-9474-1A3956D46DE8}") = "ArrayTop", "ArrayTop", "{EB20BD3A-8176-405F-BD43-87CE61B50365}"
EndProject
Project("{2150E333-8FDC-42A3-9474-1A3956D46DE8}") = "UniqueNumbers", "UniqueNumbers", "{C8F8D0DC-F092-4523-9D8B-46D172CEDFED}"
EndProject
Project("{9A19103F-16F7-4668-BE54-9A1E7A4F7556}") = "MaxDynamic", "Examples\ArrayMaxDynamic\MaxDynamic\MaxDynamic.csproj", "{11C05823-79CD-4608-A129-142E8F6246D5}"
EndProject
Project("{9A19103F-16F7-4668-BE54-9A1E7A4F7556}") = "ArrayMaxSorting", "Examples\ArrayMaxSorting\ArrayMaxSorting\ArrayMaxSorting.csproj", "{45EF7A07-D651-42B9-8D72-8C08F706D53D}"
EndProject
Project("{9A19103F-16F7-4668-BE54-9A1E7A4F7556}") = "Benchmark", "Examples\ArrayMaxSorting\Benchmark\Benchmark.csproj", "{3A04F4BD-8AD2-4345-8575-E763E56BE3EE}"
EndProject
Project("{9A19103F-16F7-4668-BE54-9A1E7A4F7556}") = "Top2", "Examples\ArrayTop\Top2\Top2.csproj", "{13E93C26-0263-4326-BE2A-42327E58BFC5}"
EndProject
Project("{9A19103F-16F7-4668-BE54-9A1E7A4F7556}") = "TopXExample", "Examples\ArrayTop\TopXExample\TopXExample.csproj", "{0719A434-DB84-48FC-A199-D580E15E5737}"
EndProject
Project("{9A19103F-16F7-4668-BE54-9A1E7A4F7556}") = "Benchmark", "Examples\UniqueNumbers\Benchmark\Benchmark.csproj", "{C16A9759-D79B-4B8C-914A-55BF8F7DCAD2}"
EndProject
Project("{9A19103F-16F7-4668-BE54-9A1E7A4F7556}") = "BenchmarkSorted", "Examples\UniqueNumbers\BenchmarkSorted\BenchmarkSorted.csproj", "{569CFD7F-CC6B-40A7-A93E-18A0E6934195}"
EndProject
Project("{9A19103F-16F7-4668-BE54-9A1E7A4F7556}") = "Example", "Examples\UniqueNumbers\Example\Example.csproj", "{942A6756-C273-4A7F-8D11-8F0454BF8985}"
EndProject
Project("{9A19103F-16F7-4668-BE54-9A1E7A4F7556}") = "ExampleSorted", "Examples\UniqueNumbers\ExampleSorted\ExampleSorted.csproj", "{AE83A130-F2BE-4FD5-9C93-058C81F9805F}"
EndProject
Project("{2150E333-8FDC-42A3-9474-1A3956D46DE8}") = "Homework", "Homework", "{C4E8F0BF-7289-446E-9080-3C4790A15E7D}"
EndProject
Project("{9A19103F-16F7-4668-BE54-9A1E7A4F7556}") = "ArrayMax", "Homework\ArrayMax\ArrayMax.csproj", "{117D2CB5-F071-4C2D-98DB-DC7389EC0C7F}"
EndProject
Project("{9A19103F-16F7-4668-BE54-9A1E7A4F7556}") = "TopX", "Homework\ArrayTop\TopX.csproj", "{6A79A96B-259E-458E-844A-52B5E32279F3}"
EndProject
Project("{9A19103F-16F7-4668-BE54-9A1E7A4F7556}") = "ArrayUnique", "Homework\UniqueNumbers\ArrayUnique.csproj", "{A2A9A6F4-45EE-43A6-904D-A8C1504C3B34}"
EndProject
Project("{9A19103F-16F7-4668-BE54-9A1E7A4F7556}") = "UniqueSorted", "Homework\UniqueSorted\UniqueSorted.csproj", "{B12EA7B0-6327-4E84-9E97-CB25AEC84F98}"
EndProject
Global
	GlobalSection(SolutionConfigurationPlatforms) = preSolution
		Debug|Any CPU = Debug|Any CPU
		Release|Any CPU = Release|Any CPU
	EndGlobalSection
	GlobalSection(ProjectConfigurationPlatforms) = postSolution
		{F59107CD-B1D4-4591-BF8A-5B5CE21199FD}.Debug|Any CPU.ActiveCfg = Debug|Any CPU
		{F59107CD-B1D4-4591-BF8A-5B5CE21199FD}.Debug|Any CPU.Build.0 = Debug|Any CPU
		{F59107CD-B1D4-4591-BF8A-5B5CE21199FD}.Release|Any CPU.ActiveCfg = Release|Any CPU
		{F59107CD-B1D4-4591-BF8A-5B5CE21199FD}.Release|Any CPU.Build.0 = Release|Any CPU
		{11C05823-79CD-4608-A129-142E8F6246D5}.Debug|Any CPU.ActiveCfg = Debug|Any CPU
		{11C05823-79CD-4608-A129-142E8F6246D5}.Debug|Any CPU.Build.0 = Debug|Any CPU
		{11C05823-79CD-4608-A129-142E8F6246D5}.Release|Any CPU.ActiveCfg = Release|Any CPU
		{11C05823-79CD-4608-A129-142E8F6246D5}.Release|Any CPU.Build.0 = Release|Any CPU
		{45EF7A07-D651-42B9-8D72-8C08F706D53D}.Debug|Any CPU.ActiveCfg = Debug|Any CPU
		{45EF7A07-D651-42B9-8D72-8C08F706D53D}.Debug|Any CPU.Build.0 = Debug|Any CPU
		{45EF7A07-D651-42B9-8D72-8C08F706D53D}.Release|Any CPU.ActiveCfg = Release|Any CPU
		{45EF7A07-D651-42B9-8D72-8C08F706D53D}.Release|Any CPU.Build.0 = Release|Any CPU
		{3A04F4BD-8AD2-4345-8575-E763E56BE3EE}.Debug|Any CPU.ActiveCfg = Debug|Any CPU
		{3A04F4BD-8AD2-4345-8575-E763E56BE3EE}.Debug|Any CPU.Build.0 = Debug|Any CPU
		{3A04F4BD-8AD2-4345-8575-E763E56BE3EE}.Release|Any CPU.ActiveCfg = Release|Any CPU
		{3A04F4BD-8AD2-4345-8575-E763E56BE3EE}.Release|Any CPU.Build.0 = Release|Any CPU
		{13E93C26-0263-4326-BE2A-42327E58BFC5}.Debug|Any CPU.ActiveCfg = Debug|Any CPU
		{13E93C26-0263-4326-BE2A-42327E58BFC5}.Debug|Any CPU.Build.0 = Debug|Any CPU
		{13E93C26-0263-4326-BE2A-42327E58BFC5}.Release|Any CPU.ActiveCfg = Release|Any CPU
		{13E93C26-0263-4326-BE2A-42327E58BFC5}.Release|Any CPU.Build.0 = Release|Any CPU
		{0719A434-DB84-48FC-A199-D580E15E5737}.Debug|Any CPU.ActiveCfg = Debug|Any CPU
		{0719A434-DB84-48FC-A199-D580E15E5737}.Debug|Any CPU.Build.0 = Debug|Any CPU
		{0719A434-DB84-48FC-A199-D580E15E5737}.Release|Any CPU.ActiveCfg = Release|Any CPU
		{0719A434-DB84-48FC-A199-D580E15E5737}.Release|Any CPU.Build.0 = Release|Any CPU
		{C16A9759-D79B-4B8C-914A-55BF8F7DCAD2}.Debug|Any CPU.ActiveCfg = Debug|Any CPU
		{C16A9759-D79B-4B8C-914A-55BF8F7DCAD2}.Debug|Any CPU.Build.0 = Debug|Any CPU
		{C16A9759-D79B-4B8C-914A-55BF8F7DCAD2}.Release|Any CPU.ActiveCfg = Release|Any CPU
		{C16A9759-D79B-4B8C-914A-55BF8F7DCAD2}.Release|Any CPU.Build.0 = Release|Any CPU
		{569CFD7F-CC6B-40A7-A93E-18A0E6934195}.Debug|Any CPU.ActiveCfg = Debug|Any CPU
		{569CFD7F-CC6B-40A7-A93E-18A0E6934195}.Debug|Any CPU.Build.0 = Debug|Any CPU
		{569CFD7F-CC6B-40A7-A93E-18A0E6934195}.Release|Any CPU.ActiveCfg = Release|Any CPU
		{569CFD7F-CC6B-40A7-A93E-18A0E6934195}.Release|Any CPU.Build.0 = Release|Any CPU
		{942A6756-C273-4A7F-8D11-8F0454BF8985}.Debug|Any CPU.ActiveCfg = Debug|Any CPU
		{942A6756-C273-4A7F-8D11-8F0454BF8985}.Debug|Any CPU.Build.0 = Debug|Any CPU
		{942A6756-C273-4A7F-8D11-8F0454BF8985}.Release|Any CPU.ActiveCfg = Release|Any CPU
		{942A6756-C273-4A7F-8D11-8F0454BF8985}.Release|Any CPU.Build.0 = Release|Any CPU
		{AE83A130-F2BE-4FD5-9C93-058C81F9805F}.Debug|Any CPU.ActiveCfg = Debug|Any CPU
		{AE83A130-F2BE-4FD5-9C93-058C81F9805F}.Debug|Any CPU.Build.0 = Debug|Any CPU
		{AE83A130-F2BE-4FD5-9C93-058C81F9805F}.Release|Any CPU.ActiveCfg = Release|Any CPU
		{AE83A130-F2BE-4FD5-9C93-058C81F9805F}.Release|Any CPU.Build.0 = Release|Any CPU
		{117D2CB5-F071-4C2D-98DB-DC7389EC0C7F}.Debug|Any CPU.ActiveCfg = Debug|Any CPU
		{117D2CB5-F071-4C2D-98DB-DC7389EC0C7F}.Debug|Any CPU.Build.0 = Debug|Any CPU
		{117D2CB5-F071-4C2D-98DB-DC7389EC0C7F}.Release|Any CPU.ActiveCfg = Release|Any CPU
		{117D2CB5-F071-4C2D-98DB-DC7389EC0C7F}.Release|Any CPU.Build.0 = Release|Any CPU
		{6A79A96B-259E-458E-844A-52B5E32279F3}.Debug|Any CPU.ActiveCfg = Debug|Any CPU
		{6A79A96B-259E-458E-844A-52B5E32279F3}.Debug|Any CPU.Build.0 = Debug|Any CPU
		{6A79A96B-259E-458E-844A-52B5E32279F3}.Release|Any CPU.ActiveCfg = Release|Any CPU
		{6A79A96B-259E-458E-844A-52B5E32279F3}.Release|Any CPU.Build.0 = Release|Any CPU
		{A2A9A6F4-45EE-43A6-904D-A8C1504C3B34}.Debug|Any CPU.ActiveCfg = Debug|Any CPU
		{A2A9A6F4-45EE-43A6-904D-A8C1504C3B34}.Debug|Any CPU.Build.0 = Debug|Any CPU
		{A2A9A6F4-45EE-43A6-904D-A8C1504C3B34}.Release|Any CPU.ActiveCfg = Release|Any CPU
		{A2A9A6F4-45EE-43A6-904D-A8C1504C3B34}.Release|Any CPU.Build.0 = Release|Any CPU
		{B12EA7B0-6327-4E84-9E97-CB25AEC84F98}.Debug|Any CPU.ActiveCfg = Debug|Any CPU
		{B12EA7B0-6327-4E84-9E97-CB25AEC84F98}.Debug|Any CPU.Build.0 = Debug|Any CPU
		{B12EA7B0-6327-4E84-9E97-CB25AEC84F98}.Release|Any CPU.ActiveCfg = Release|Any CPU
		{B12EA7B0-6327-4E84-9E97-CB25AEC84F98}.Release|Any CPU.Build.0 = Release|Any CPU
	EndGlobalSection
	GlobalSection(SolutionProperties) = preSolution
		HideSolutionNode = FALSE
	EndGlobalSection
	GlobalSection(NestedProjects) = preSolution
		{F59107CD-B1D4-4591-BF8A-5B5CE21199FD} = {ABD91994-553B-40FD-9071-6FED84DAF82F}
		{ABD91994-553B-40FD-9071-6FED84DAF82F} = {14B7B51A-29F5-45F9-A7C3-5E46E850149D}
		{91394A89-6002-4D4F-9A2F-A6CCCAA8544B} = {14B7B51A-29F5-45F9-A7C3-5E46E850149D}
		{EB20BD3A-8176-405F-BD43-87CE61B50365} = {14B7B51A-29F5-45F9-A7C3-5E46E850149D}
		{C8F8D0DC-F092-4523-9D8B-46D172CEDFED} = {14B7B51A-29F5-45F9-A7C3-5E46E850149D}
		{11C05823-79CD-4608-A129-142E8F6246D5} = {ABD91994-553B-40FD-9071-6FED84DAF82F}
		{45EF7A07-D651-42B9-8D72-8C08F706D53D} = {91394A89-6002-4D4F-9A2F-A6CCCAA8544B}
		{3A04F4BD-8AD2-4345-8575-E763E56BE3EE} = {91394A89-6002-4D4F-9A2F-A6CCCAA8544B}
		{13E93C26-0263-4326-BE2A-42327E58BFC5} = {EB20BD3A-8176-405F-BD43-87CE61B50365}
		{0719A434-DB84-48FC-A199-D580E15E5737} = {EB20BD3A-8176-405F-BD43-87CE61B50365}
		{C16A9759-D79B-4B8C-914A-55BF8F7DCAD2} = {C8F8D0DC-F092-4523-9D8B-46D172CEDFED}
		{569CFD7F-CC6B-40A7-A93E-18A0E6934195} = {C8F8D0DC-F092-4523-9D8B-46D172CEDFED}
		{942A6756-C273-4A7F-8D11-8F0454BF8985} = {C8F8D0DC-F092-4523-9D8B-46D172CEDFED}
		{AE83A130-F2BE-4FD5-9C93-058C81F9805F} = {C8F8D0DC-F092-4523-9D8B-46D172CEDFED}
		{117D2CB5-F071-4C2D-98DB-DC7389EC0C7F} = {C4E8F0BF-7289-446E-9080-3C4790A15E7D}
		{6A79A96B-259E-458E-844A-52B5E32279F3} = {C4E8F0BF-7289-446E-9080-3C4790A15E7D}
		{A2A9A6F4-45EE-43A6-904D-A8C1504C3B34} = {C4E8F0BF-7289-446E-9080-3C4790A15E7D}
		{B12EA7B0-6327-4E84-9E97-CB25AEC84F98} = {C4E8F0BF-7289-446E-9080-3C4790A15E7D}
	EndGlobalSection
	GlobalSection(ExtensibilityGlobals) = postSolution
		SolutionGuid = {9683963A-7C18-46F6-9B57-3D43539E0BB2}
	EndGlobalSection
EndGlobal
