
Microsoft Visual Studio Solution File, Format Version 12.00
# Visual Studio Version 17
VisualStudioVersion = 17.0.31612.314
MinimumVisualStudioVersion = 10.0.40219.1
Project("{FAE04EC0-301F-11D3-BF4B-00C04F79EFBC}") = "Heap", "Heap\Heap.csproj", "{CD3D03A4-6156-4F9C-9F67-C42FAD3A293A}"
EndProject
Global
	GlobalSection(SolutionConfigurationPlatforms) = preSolution
		Debug|Any CPU = Debug|Any CPU
		Release|Any CPU = Release|Any CPU
	EndGlobalSection
	GlobalSection(ProjectConfigurationPlatforms) = postSolution
		{CD3D03A4-6156-4F9C-9F67-C42FAD3A293A}.Debug|Any CPU.ActiveCfg = Debug|Any CPU
		{CD3D03A4-6156-4F9C-9F67-C42FAD3A293A}.Debug|Any CPU.Build.0 = Debug|Any CPU
		{CD3D03A4-6156-4F9C-9F67-C42FAD3A293A}.Release|Any CPU.ActiveCfg = Release|Any CPU
		{CD3D03A4-6156-4F9C-9F67-C42FAD3A293A}.Release|Any CPU.Build.0 = Release|Any CPU
	EndGlobalSection
	GlobalSection(SolutionProperties) = preSolution
		HideSolutionNode = FALSE
	EndGlobalSection
	GlobalSection(ExtensibilityGlobals) = postSolution
		SolutionGuid = {E123DE5C-B7E6-4449-B7C8-CF449AE122EC}
	EndGlobalSection
EndGlobal
