
Microsoft Visual Studio Solution File, Format Version 12.00
# Visual Studio Version 17
VisualStudioVersion = 17.0.31717.71
MinimumVisualStudioVersion = 10.0.40219.1
Project("{9A19103F-16F7-4668-BE54-9A1E7A4F7556}") = "Hash", "Hash\Hash.csproj", "{5C0908B1-72A9-4E25-B2E1-4A6ABBB602C8}"
EndProject
Project("{FAE04EC0-301F-11D3-BF4B-00C04F79EFBC}") = "RandomizedAlgorithms", "RandomizedAlgorithms\RandomizedAlgorithms.csproj", "{EAC9BD45-7341-4C32-8AA6-B3C50E7BF353}"
EndProject
Global
	GlobalSection(SolutionConfigurationPlatforms) = preSolution
		Debug|Any CPU = Debug|Any CPU
		Release|Any CPU = Release|Any CPU
	EndGlobalSection
	GlobalSection(ProjectConfigurationPlatforms) = postSolution
		{5C0908B1-72A9-4E25-B2E1-4A6ABBB602C8}.Debug|Any CPU.ActiveCfg = Debug|Any CPU
		{5C0908B1-72A9-4E25-B2E1-4A6ABBB602C8}.Debug|Any CPU.Build.0 = Debug|Any CPU
		{5C0908B1-72A9-4E25-B2E1-4A6ABBB602C8}.Release|Any CPU.ActiveCfg = Release|Any CPU
		{5C0908B1-72A9-4E25-B2E1-4A6ABBB602C8}.Release|Any CPU.Build.0 = Release|Any CPU
		{EAC9BD45-7341-4C32-8AA6-B3C50E7BF353}.Debug|Any CPU.ActiveCfg = Debug|Any CPU
		{EAC9BD45-7341-4C32-8AA6-B3C50E7BF353}.Debug|Any CPU.Build.0 = Debug|Any CPU
		{EAC9BD45-7341-4C32-8AA6-B3C50E7BF353}.Release|Any CPU.ActiveCfg = Release|Any CPU
		{EAC9BD45-7341-4C32-8AA6-B3C50E7BF353}.Release|Any CPU.Build.0 = Release|Any CPU
	EndGlobalSection
	GlobalSection(SolutionProperties) = preSolution
		HideSolutionNode = FALSE
	EndGlobalSection
	GlobalSection(ExtensibilityGlobals) = postSolution
		SolutionGuid = {7D9DB102-6693-405B-8287-E822186D4FC6}
	EndGlobalSection
EndGlobal
