
Microsoft Visual Studio Solution File, Format Version 12.00
# Visual Studio Version 16
VisualStudioVersion = 16.0.31410.357
MinimumVisualStudioVersion = 10.0.40219.1
Project("{9A19103F-16F7-4668-BE54-9A1E7A4F7556}") = "BruteForceRecursion", "BruteForceRecursion\BruteForceRecursion.csproj", "{4C88BBFC-E409-48CC-896C-5A3D614EC383}"
EndProject
Project("{FAE04EC0-301F-11D3-BF4B-00C04F79EFBC}") = "MergeSortRecursion", "MergeSortRecursion\MergeSortRecursion.csproj", "{07245199-5B6D-4E6F-830D-9041B7D7DBB6}"
EndProject
Project("{FAE04EC0-301F-11D3-BF4B-00C04F79EFBC}") = "SimpleRecursion", "SimpleRecursion\SimpleRecursion.csproj", "{F2B4EC73-7D64-4F09-98DF-B353ABE1B340}"
EndProject
Global
	GlobalSection(SolutionConfigurationPlatforms) = preSolution
		Debug|Any CPU = Debug|Any CPU
		Release|Any CPU = Release|Any CPU
	EndGlobalSection
	GlobalSection(ProjectConfigurationPlatforms) = postSolution
		{4C88BBFC-E409-48CC-896C-5A3D614EC383}.Debug|Any CPU.ActiveCfg = Debug|Any CPU
		{4C88BBFC-E409-48CC-896C-5A3D614EC383}.Debug|Any CPU.Build.0 = Debug|Any CPU
		{4C88BBFC-E409-48CC-896C-5A3D614EC383}.Release|Any CPU.ActiveCfg = Release|Any CPU
		{4C88BBFC-E409-48CC-896C-5A3D614EC383}.Release|Any CPU.Build.0 = Release|Any CPU
		{07245199-5B6D-4E6F-830D-9041B7D7DBB6}.Debug|Any CPU.ActiveCfg = Debug|Any CPU
		{07245199-5B6D-4E6F-830D-9041B7D7DBB6}.Debug|Any CPU.Build.0 = Debug|Any CPU
		{07245199-5B6D-4E6F-830D-9041B7D7DBB6}.Release|Any CPU.ActiveCfg = Release|Any CPU
		{07245199-5B6D-4E6F-830D-9041B7D7DBB6}.Release|Any CPU.Build.0 = Release|Any CPU
		{F2B4EC73-7D64-4F09-98DF-B353ABE1B340}.Debug|Any CPU.ActiveCfg = Debug|Any CPU
		{F2B4EC73-7D64-4F09-98DF-B353ABE1B340}.Debug|Any CPU.Build.0 = Debug|Any CPU
		{F2B4EC73-7D64-4F09-98DF-B353ABE1B340}.Release|Any CPU.ActiveCfg = Release|Any CPU
		{F2B4EC73-7D64-4F09-98DF-B353ABE1B340}.Release|Any CPU.Build.0 = Release|Any CPU
	EndGlobalSection
	GlobalSection(SolutionProperties) = preSolution
		HideSolutionNode = FALSE
	EndGlobalSection
	GlobalSection(ExtensibilityGlobals) = postSolution
		SolutionGuid = {E3FA6B70-F2B9-4C24-8DD8-3C590851805D}
	EndGlobalSection
EndGlobal
